
Microsoft Visual Studio Solution File, Format Version 12.00
# Visual Studio Version 16
VisualStudioVersion = 16.0.29025.244
MinimumVisualStudioVersion = 10.0.40219.1
Project("{9A19103F-16F7-4668-BE54-9A1E7A4F7556}") = "PokerSim", "PokerSim\PokerSim.csproj", "{FBF3F4D2-FA9C-4506-AAC3-2A772B95BCDD}"
EndProject
Project("{FAE04EC0-301F-11D3-BF4B-00C04F79EFBC}") = "PokerSim.Tests", "PokerSim.Tests\PokerSim.Tests.csproj", "{B22C5C52-48D8-47D0-9A33-4602266B3306}"
EndProject
Global
	GlobalSection(SolutionConfigurationPlatforms) = preSolution
		Debug|Any CPU = Debug|Any CPU
		Release|Any CPU = Release|Any CPU
	EndGlobalSection
	GlobalSection(ProjectConfigurationPlatforms) = postSolution
		{FBF3F4D2-FA9C-4506-AAC3-2A772B95BCDD}.Debug|Any CPU.ActiveCfg = Debug|Any CPU
		{FBF3F4D2-FA9C-4506-AAC3-2A772B95BCDD}.Debug|Any CPU.Build.0 = Debug|Any CPU
		{FBF3F4D2-FA9C-4506-AAC3-2A772B95BCDD}.Release|Any CPU.ActiveCfg = Release|Any CPU
		{FBF3F4D2-FA9C-4506-AAC3-2A772B95BCDD}.Release|Any CPU.Build.0 = Release|Any CPU
		{B22C5C52-48D8-47D0-9A33-4602266B3306}.Debug|Any CPU.ActiveCfg = Debug|Any CPU
		{B22C5C52-48D8-47D0-9A33-4602266B3306}.Debug|Any CPU.Build.0 = Debug|Any CPU
		{B22C5C52-48D8-47D0-9A33-4602266B3306}.Release|Any CPU.ActiveCfg = Release|Any CPU
		{B22C5C52-48D8-47D0-9A33-4602266B3306}.Release|Any CPU.Build.0 = Release|Any CPU
	EndGlobalSection
	GlobalSection(SolutionProperties) = preSolution
		HideSolutionNode = FALSE
	EndGlobalSection
	GlobalSection(ExtensibilityGlobals) = postSolution
		SolutionGuid = {C62BFB8D-E90B-4C48-949B-41A8967EB33A}
	EndGlobalSection
EndGlobal
